// !$*UTF8*$!
{
	archiveVersion = 1;
	classes = {
	};
	objectVersion = 50;
	objects = {

/* Begin PBXBuildFile section */
		4150054323B9F3C3001FDA22 /* AppDelegate.swift in Sources */ = {isa = PBXBuildFile; fileRef = 4150054223B9F3C3001FDA22 /* AppDelegate.swift */; };
		4150054B23B9F3C3001FDA22 /* My_Journal.xcdatamodeld in Sources */ = {isa = PBXBuildFile; fileRef = 4150054923B9F3C3001FDA22 /* My_Journal.xcdatamodeld */; };
		4150054D23B9F3C4001FDA22 /* Assets.xcassets in Resources */ = {isa = PBXBuildFile; fileRef = 4150054C23B9F3C4001FDA22 /* Assets.xcassets */; };
		4150055023B9F3C4001FDA22 /* LaunchScreen.storyboard in Resources */ = {isa = PBXBuildFile; fileRef = 4150054E23B9F3C4001FDA22 /* LaunchScreen.storyboard */; };
		4150055B23B9F3C4001FDA22 /* My_JournalTests.swift in Sources */ = {isa = PBXBuildFile; fileRef = 4150055A23B9F3C4001FDA22 /* My_JournalTests.swift */; };
		4150056623B9F3C4001FDA22 /* My_JournalUITests.swift in Sources */ = {isa = PBXBuildFile; fileRef = 4150056523B9F3C4001FDA22 /* My_JournalUITests.swift */; };
		4150057723B9F449001FDA22 /* LoginViewController.swift in Sources */ = {isa = PBXBuildFile; fileRef = 4150057623B9F449001FDA22 /* LoginViewController.swift */; };
		4150057A23C18E11001FDA22 /* JournalApi.swift in Sources */ = {isa = PBXBuildFile; fileRef = 4150057923C18E11001FDA22 /* JournalApi.swift */; };
		4150058123C1A281001FDA22 /* LoginTextField.swift in Sources */ = {isa = PBXBuildFile; fileRef = 4150058023C1A281001FDA22 /* LoginTextField.swift */; };
		4150058523C1C4F2001FDA22 /* MainViewController.swift in Sources */ = {isa = PBXBuildFile; fileRef = 4150058423C1C4F2001FDA22 /* MainViewController.swift */; };
		4150058723C277A5001FDA22 /* NavBar.swift in Sources */ = {isa = PBXBuildFile; fileRef = 4150058623C277A5001FDA22 /* NavBar.swift */; };
		4150058923C2AEF4001FDA22 /* CollectionPostCell.swift in Sources */ = {isa = PBXBuildFile; fileRef = 4150058823C2AEF4001FDA22 /* CollectionPostCell.swift */; };
		4150058B23C2BFEA001FDA22 /* EditDeleteView.swift in Sources */ = {isa = PBXBuildFile; fileRef = 4150058A23C2BFEA001FDA22 /* EditDeleteView.swift */; };
		4150058D23C2CB2F001FDA22 /* UserSession.swift in Sources */ = {isa = PBXBuildFile; fileRef = 4150058C23C2CB2F001FDA22 /* UserSession.swift */; };
		4150059123C2CDBD001FDA22 /* Post.swift in Sources */ = {isa = PBXBuildFile; fileRef = 4150059023C2CDBD001FDA22 /* Post.swift */; };
		4169D7CA23C4F05800741948 /* PostViewController.swift in Sources */ = {isa = PBXBuildFile; fileRef = 4169D7C923C4F05800741948 /* PostViewController.swift */; };
		4169D7CC23C4F56900741948 /* EditablePostView.swift in Sources */ = {isa = PBXBuildFile; fileRef = 4169D7CB23C4F56900741948 /* EditablePostView.swift */; };
		41F9A27F23C709BD0092CCAA /* KeyChainHelper.swift in Sources */ = {isa = PBXBuildFile; fileRef = 41F9A27E23C709BD0092CCAA /* KeyChainHelper.swift */; };
/* End PBXBuildFile section */

/* Begin PBXContainerItemProxy section */
		4150055723B9F3C4001FDA22 /* PBXContainerItemProxy */ = {
			isa = PBXContainerItemProxy;
			containerPortal = 4150053723B9F3C3001FDA22 /* Project object */;
			proxyType = 1;
			remoteGlobalIDString = 4150053E23B9F3C3001FDA22;
			remoteInfo = "My Journal";
		};
		4150056223B9F3C4001FDA22 /* PBXContainerItemProxy */ = {
			isa = PBXContainerItemProxy;
			containerPortal = 4150053723B9F3C3001FDA22 /* Project object */;
			proxyType = 1;
			remoteGlobalIDString = 4150053E23B9F3C3001FDA22;
			remoteInfo = "My Journal";
		};
/* End PBXContainerItemProxy section */

/* Begin PBXFileReference section */
		4150053F23B9F3C3001FDA22 /* My Journal.app */ = {isa = PBXFileReference; explicitFileType = wrapper.application; includeInIndex = 0; path = "My Journal.app"; sourceTree = BUILT_PRODUCTS_DIR; };
		4150054223B9F3C3001FDA22 /* AppDelegate.swift */ = {isa = PBXFileReference; lastKnownFileType = sourcecode.swift; path = AppDelegate.swift; sourceTree = "<group>"; };
		4150054A23B9F3C3001FDA22 /* My_Journal.xcdatamodel */ = {isa = PBXFileReference; lastKnownFileType = wrapper.xcdatamodel; path = My_Journal.xcdatamodel; sourceTree = "<group>"; };
		4150054C23B9F3C4001FDA22 /* Assets.xcassets */ = {isa = PBXFileReference; lastKnownFileType = folder.assetcatalog; path = Assets.xcassets; sourceTree = "<group>"; };
		4150054F23B9F3C4001FDA22 /* Base */ = {isa = PBXFileReference; lastKnownFileType = file.storyboard; name = Base; path = Base.lproj/LaunchScreen.storyboard; sourceTree = "<group>"; };
		4150055123B9F3C4001FDA22 /* Info.plist */ = {isa = PBXFileReference; lastKnownFileType = text.plist.xml; path = Info.plist; sourceTree = "<group>"; };
		4150055623B9F3C4001FDA22 /* My JournalTests.xctest */ = {isa = PBXFileReference; explicitFileType = wrapper.cfbundle; includeInIndex = 0; path = "My JournalTests.xctest"; sourceTree = BUILT_PRODUCTS_DIR; };
		4150055A23B9F3C4001FDA22 /* My_JournalTests.swift */ = {isa = PBXFileReference; lastKnownFileType = sourcecode.swift; path = My_JournalTests.swift; sourceTree = "<group>"; };
		4150055C23B9F3C4001FDA22 /* Info.plist */ = {isa = PBXFileReference; lastKnownFileType = text.plist.xml; path = Info.plist; sourceTree = "<group>"; };
		4150056123B9F3C4001FDA22 /* My JournalUITests.xctest */ = {isa = PBXFileReference; explicitFileType = wrapper.cfbundle; includeInIndex = 0; path = "My JournalUITests.xctest"; sourceTree = BUILT_PRODUCTS_DIR; };
		4150056523B9F3C4001FDA22 /* My_JournalUITests.swift */ = {isa = PBXFileReference; lastKnownFileType = sourcecode.swift; path = My_JournalUITests.swift; sourceTree = "<group>"; };
		4150056723B9F3C4001FDA22 /* Info.plist */ = {isa = PBXFileReference; lastKnownFileType = text.plist.xml; path = Info.plist; sourceTree = "<group>"; };
		4150057623B9F449001FDA22 /* LoginViewController.swift */ = {isa = PBXFileReference; lastKnownFileType = sourcecode.swift; path = LoginViewController.swift; sourceTree = "<group>"; };
		4150057923C18E11001FDA22 /* JournalApi.swift */ = {isa = PBXFileReference; lastKnownFileType = sourcecode.swift; path = JournalApi.swift; sourceTree = "<group>"; };
		4150058023C1A281001FDA22 /* LoginTextField.swift */ = {isa = PBXFileReference; lastKnownFileType = sourcecode.swift; path = LoginTextField.swift; sourceTree = "<group>"; };
		4150058423C1C4F2001FDA22 /* MainViewController.swift */ = {isa = PBXFileReference; lastKnownFileType = sourcecode.swift; path = MainViewController.swift; sourceTree = "<group>"; };
		4150058623C277A5001FDA22 /* NavBar.swift */ = {isa = PBXFileReference; lastKnownFileType = sourcecode.swift; path = NavBar.swift; sourceTree = "<group>"; };
		4150058823C2AEF4001FDA22 /* CollectionPostCell.swift */ = {isa = PBXFileReference; lastKnownFileType = sourcecode.swift; path = CollectionPostCell.swift; sourceTree = "<group>"; };
		4150058A23C2BFEA001FDA22 /* EditDeleteView.swift */ = {isa = PBXFileReference; lastKnownFileType = sourcecode.swift; path = EditDeleteView.swift; sourceTree = "<group>"; };
		4150058C23C2CB2F001FDA22 /* UserSession.swift */ = {isa = PBXFileReference; lastKnownFileType = sourcecode.swift; path = UserSession.swift; sourceTree = "<group>"; };
		4150059023C2CDBD001FDA22 /* Post.swift */ = {isa = PBXFileReference; lastKnownFileType = sourcecode.swift; path = Post.swift; sourceTree = "<group>"; };
		4169D7C923C4F05800741948 /* PostViewController.swift */ = {isa = PBXFileReference; lastKnownFileType = sourcecode.swift; path = PostViewController.swift; sourceTree = "<group>"; };
		4169D7CB23C4F56900741948 /* EditablePostView.swift */ = {isa = PBXFileReference; lastKnownFileType = sourcecode.swift; path = EditablePostView.swift; sourceTree = "<group>"; };
		41F9A27E23C709BD0092CCAA /* KeyChainHelper.swift */ = {isa = PBXFileReference; lastKnownFileType = sourcecode.swift; path = KeyChainHelper.swift; sourceTree = "<group>"; };
/* End PBXFileReference section */

/* Begin PBXFrameworksBuildPhase section */
		4150053C23B9F3C3001FDA22 /* Frameworks */ = {
			isa = PBXFrameworksBuildPhase;
			buildActionMask = 2147483647;
			files = (
			);
			runOnlyForDeploymentPostprocessing = 0;
		};
		4150055323B9F3C4001FDA22 /* Frameworks */ = {
			isa = PBXFrameworksBuildPhase;
			buildActionMask = 2147483647;
			files = (
			);
			runOnlyForDeploymentPostprocessing = 0;
		};
		4150055E23B9F3C4001FDA22 /* Frameworks */ = {
			isa = PBXFrameworksBuildPhase;
			buildActionMask = 2147483647;
			files = (
			);
			runOnlyForDeploymentPostprocessing = 0;
		};
/* End PBXFrameworksBuildPhase section */

/* Begin PBXGroup section */
		4150053623B9F3C3001FDA22 = {
			isa = PBXGroup;
			children = (
				4150054123B9F3C3001FDA22 /* My Journal */,
				4150055923B9F3C4001FDA22 /* My JournalTests */,
				4150056423B9F3C4001FDA22 /* My JournalUITests */,
				4150054023B9F3C3001FDA22 /* Products */,
			);
			sourceTree = "<group>";
		};
		4150054023B9F3C3001FDA22 /* Products */ = {
			isa = PBXGroup;
			children = (
				4150053F23B9F3C3001FDA22 /* My Journal.app */,
				4150055623B9F3C4001FDA22 /* My JournalTests.xctest */,
				4150056123B9F3C4001FDA22 /* My JournalUITests.xctest */,
			);
			name = Products;
			sourceTree = "<group>";
		};
		4150054123B9F3C3001FDA22 /* My Journal */ = {
			isa = PBXGroup;
			children = (
				4150057823C18DE2001FDA22 /* ServiceWorkers */,
				4150057523B9F41F001FDA22 /* Views */,
				4150057423B9F416001FDA22 /* ViewControllers */,
				4150057323B9F409001FDA22 /* Models */,
				4150054223B9F3C3001FDA22 /* AppDelegate.swift */,
				4150054C23B9F3C4001FDA22 /* Assets.xcassets */,
				4150054E23B9F3C4001FDA22 /* LaunchScreen.storyboard */,
				4150055123B9F3C4001FDA22 /* Info.plist */,
				4150054923B9F3C3001FDA22 /* My_Journal.xcdatamodeld */,
			);
			path = "My Journal";
			sourceTree = "<group>";
		};
		4150055923B9F3C4001FDA22 /* My JournalTests */ = {
			isa = PBXGroup;
			children = (
				4150055A23B9F3C4001FDA22 /* My_JournalTests.swift */,
				4150055C23B9F3C4001FDA22 /* Info.plist */,
			);
			path = "My JournalTests";
			sourceTree = "<group>";
		};
		4150056423B9F3C4001FDA22 /* My JournalUITests */ = {
			isa = PBXGroup;
			children = (
				4150056523B9F3C4001FDA22 /* My_JournalUITests.swift */,
				4150056723B9F3C4001FDA22 /* Info.plist */,
			);
			path = "My JournalUITests";
			sourceTree = "<group>";
		};
		4150057323B9F409001FDA22 /* Models */ = {
			isa = PBXGroup;
			children = (
				4150058C23C2CB2F001FDA22 /* UserSession.swift */,
				4150059023C2CDBD001FDA22 /* Post.swift */,
			);
			path = Models;
			sourceTree = "<group>";
		};
		4150057423B9F416001FDA22 /* ViewControllers */ = {
			isa = PBXGroup;
			children = (
				4150057623B9F449001FDA22 /* LoginViewController.swift */,
				4150058423C1C4F2001FDA22 /* MainViewController.swift */,
				4169D7C923C4F05800741948 /* PostViewController.swift */,
			);
			path = ViewControllers;
			sourceTree = "<group>";
		};
		4150057523B9F41F001FDA22 /* Views */ = {
			isa = PBXGroup;
			children = (
				4150058023C1A281001FDA22 /* LoginTextField.swift */,
				4150058623C277A5001FDA22 /* NavBar.swift */,
				4150058823C2AEF4001FDA22 /* CollectionPostCell.swift */,
				4150058A23C2BFEA001FDA22 /* EditDeleteView.swift */,
				4169D7CB23C4F56900741948 /* EditablePostView.swift */,
			);
			path = Views;
			sourceTree = "<group>";
		};
		4150057823C18DE2001FDA22 /* ServiceWorkers */ = {
			isa = PBXGroup;
			children = (
				41F9A27E23C709BD0092CCAA /* KeyChainHelper.swift */,
				4150057923C18E11001FDA22 /* JournalApi.swift */,
			);
			path = ServiceWorkers;
			sourceTree = "<group>";
		};
/* End PBXGroup section */

/* Begin PBXNativeTarget section */
		4150053E23B9F3C3001FDA22 /* My Journal */ = {
			isa = PBXNativeTarget;
			buildConfigurationList = 4150056A23B9F3C4001FDA22 /* Build configuration list for PBXNativeTarget "My Journal" */;
			buildPhases = (
				4150053B23B9F3C3001FDA22 /* Sources */,
				4150053C23B9F3C3001FDA22 /* Frameworks */,
				4150053D23B9F3C3001FDA22 /* Resources */,
			);
			buildRules = (
			);
			dependencies = (
			);
			name = "My Journal";
			productName = "My Journal";
			productReference = 4150053F23B9F3C3001FDA22 /* My Journal.app */;
			productType = "com.apple.product-type.application";
		};
		4150055523B9F3C4001FDA22 /* My JournalTests */ = {
			isa = PBXNativeTarget;
			buildConfigurationList = 4150056D23B9F3C4001FDA22 /* Build configuration list for PBXNativeTarget "My JournalTests" */;
			buildPhases = (
				4150055223B9F3C4001FDA22 /* Sources */,
				4150055323B9F3C4001FDA22 /* Frameworks */,
				4150055423B9F3C4001FDA22 /* Resources */,
			);
			buildRules = (
			);
			dependencies = (
				4150055823B9F3C4001FDA22 /* PBXTargetDependency */,
			);
			name = "My JournalTests";
			productName = "My JournalTests";
			productReference = 4150055623B9F3C4001FDA22 /* My JournalTests.xctest */;
			productType = "com.apple.product-type.bundle.unit-test";
		};
		4150056023B9F3C4001FDA22 /* My JournalUITests */ = {
			isa = PBXNativeTarget;
			buildConfigurationList = 4150057023B9F3C4001FDA22 /* Build configuration list for PBXNativeTarget "My JournalUITests" */;
			buildPhases = (
				4150055D23B9F3C4001FDA22 /* Sources */,
				4150055E23B9F3C4001FDA22 /* Frameworks */,
				4150055F23B9F3C4001FDA22 /* Resources */,
			);
			buildRules = (
			);
			dependencies = (
				4150056323B9F3C4001FDA22 /* PBXTargetDependency */,
			);
			name = "My JournalUITests";
			productName = "My JournalUITests";
			productReference = 4150056123B9F3C4001FDA22 /* My JournalUITests.xctest */;
			productType = "com.apple.product-type.bundle.ui-testing";
		};
/* End PBXNativeTarget section */

/* Begin PBXProject section */
		4150053723B9F3C3001FDA22 /* Project object */ = {
			isa = PBXProject;
			attributes = {
				LastSwiftUpdateCheck = 1030;
				LastUpgradeCheck = 1030;
				ORGANIZATIONNAME = "Daniel Palacio";
				TargetAttributes = {
					4150053E23B9F3C3001FDA22 = {
						CreatedOnToolsVersion = 10.3;
					};
					4150055523B9F3C4001FDA22 = {
						CreatedOnToolsVersion = 10.3;
						TestTargetID = 4150053E23B9F3C3001FDA22;
					};
					4150056023B9F3C4001FDA22 = {
						CreatedOnToolsVersion = 10.3;
						TestTargetID = 4150053E23B9F3C3001FDA22;
					};
				};
			};
			buildConfigurationList = 4150053A23B9F3C3001FDA22 /* Build configuration list for PBXProject "My Journal" */;
			compatibilityVersion = "Xcode 9.3";
			developmentRegion = en;
			hasScannedForEncodings = 0;
			knownRegions = (
				en,
				Base,
			);
			mainGroup = 4150053623B9F3C3001FDA22;
			productRefGroup = 4150054023B9F3C3001FDA22 /* Products */;
			projectDirPath = "";
			projectRoot = "";
			targets = (
				4150053E23B9F3C3001FDA22 /* My Journal */,
				4150055523B9F3C4001FDA22 /* My JournalTests */,
				4150056023B9F3C4001FDA22 /* My JournalUITests */,
			);
		};
/* End PBXProject section */

/* Begin PBXResourcesBuildPhase section */
		4150053D23B9F3C3001FDA22 /* Resources */ = {
			isa = PBXResourcesBuildPhase;
			buildActionMask = 2147483647;
			files = (
				4150055023B9F3C4001FDA22 /* LaunchScreen.storyboard in Resources */,
				4150054D23B9F3C4001FDA22 /* Assets.xcassets in Resources */,
			);
			runOnlyForDeploymentPostprocessing = 0;
		};
		4150055423B9F3C4001FDA22 /* Resources */ = {
			isa = PBXResourcesBuildPhase;
			buildActionMask = 2147483647;
			files = (
			);
			runOnlyForDeploymentPostprocessing = 0;
		};
		4150055F23B9F3C4001FDA22 /* Resources */ = {
			isa = PBXResourcesBuildPhase;
			buildActionMask = 2147483647;
			files = (
			);
			runOnlyForDeploymentPostprocessing = 0;
		};
/* End PBXResourcesBuildPhase section */

/* Begin PBXSourcesBuildPhase section */
		4150053B23B9F3C3001FDA22 /* Sources */ = {
			isa = PBXSourcesBuildPhase;
			buildActionMask = 2147483647;
			files = (
				4169D7CA23C4F05800741948 /* PostViewController.swift in Sources */,
				4150057A23C18E11001FDA22 /* JournalApi.swift in Sources */,
				4150058D23C2CB2F001FDA22 /* UserSession.swift in Sources */,
				4150059123C2CDBD001FDA22 /* Post.swift in Sources */,
				4150057723B9F449001FDA22 /* LoginViewController.swift in Sources */,
				41F9A27F23C709BD0092CCAA /* KeyChainHelper.swift in Sources */,
				4150054B23B9F3C3001FDA22 /* My_Journal.xcdatamodeld in Sources */,
				4150058B23C2BFEA001FDA22 /* EditDeleteView.swift in Sources */,
				4169D7CC23C4F56900741948 /* EditablePostView.swift in Sources */,
				4150058523C1C4F2001FDA22 /* MainViewController.swift in Sources */,
				4150058723C277A5001FDA22 /* NavBar.swift in Sources */,
				4150058923C2AEF4001FDA22 /* CollectionPostCell.swift in Sources */,
				4150054323B9F3C3001FDA22 /* AppDelegate.swift in Sources */,
				4150058123C1A281001FDA22 /* LoginTextField.swift in Sources */,
			);
			runOnlyForDeploymentPostprocessing = 0;
		};
		4150055223B9F3C4001FDA22 /* Sources */ = {
			isa = PBXSourcesBuildPhase;
			buildActionMask = 2147483647;
			files = (
				4150055B23B9F3C4001FDA22 /* My_JournalTests.swift in Sources */,
			);
			runOnlyForDeploymentPostprocessing = 0;
		};
		4150055D23B9F3C4001FDA22 /* Sources */ = {
			isa = PBXSourcesBuildPhase;
			buildActionMask = 2147483647;
			files = (
				4150056623B9F3C4001FDA22 /* My_JournalUITests.swift in Sources */,
			);
			runOnlyForDeploymentPostprocessing = 0;
		};
/* End PBXSourcesBuildPhase section */

/* Begin PBXTargetDependency section */
		4150055823B9F3C4001FDA22 /* PBXTargetDependency */ = {
			isa = PBXTargetDependency;
			target = 4150053E23B9F3C3001FDA22 /* My Journal */;
			targetProxy = 4150055723B9F3C4001FDA22 /* PBXContainerItemProxy */;
		};
		4150056323B9F3C4001FDA22 /* PBXTargetDependency */ = {
			isa = PBXTargetDependency;
			target = 4150053E23B9F3C3001FDA22 /* My Journal */;
			targetProxy = 4150056223B9F3C4001FDA22 /* PBXContainerItemProxy */;
		};
/* End PBXTargetDependency section */

/* Begin PBXVariantGroup section */
		4150054E23B9F3C4001FDA22 /* LaunchScreen.storyboard */ = {
			isa = PBXVariantGroup;
			children = (
				4150054F23B9F3C4001FDA22 /* Base */,
			);
			name = LaunchScreen.storyboard;
			sourceTree = "<group>";
		};
/* End PBXVariantGroup section */

/* Begin XCBuildConfiguration section */
		4150056823B9F3C4001FDA22 /* Debug */ = {
			isa = XCBuildConfiguration;
			buildSettings = {
				ALWAYS_SEARCH_USER_PATHS = NO;
				CLANG_ANALYZER_NONNULL = YES;
				CLANG_ANALYZER_NUMBER_OBJECT_CONVERSION = YES_AGGRESSIVE;
				CLANG_CXX_LANGUAGE_STANDARD = "gnu++14";
				CLANG_CXX_LIBRARY = "libc++";
				CLANG_ENABLE_MODULES = YES;
				CLANG_ENABLE_OBJC_ARC = YES;
				CLANG_ENABLE_OBJC_WEAK = YES;
				CLANG_WARN_BLOCK_CAPTURE_AUTORELEASING = YES;
				CLANG_WARN_BOOL_CONVERSION = YES;
				CLANG_WARN_COMMA = YES;
				CLANG_WARN_CONSTANT_CONVERSION = YES;
				CLANG_WARN_DEPRECATED_OBJC_IMPLEMENTATIONS = YES;
				CLANG_WARN_DIRECT_OBJC_ISA_USAGE = YES_ERROR;
				CLANG_WARN_DOCUMENTATION_COMMENTS = YES;
				CLANG_WARN_EMPTY_BODY = YES;
				CLANG_WARN_ENUM_CONVERSION = YES;
				CLANG_WARN_INFINITE_RECURSION = YES;
				CLANG_WARN_INT_CONVERSION = YES;
				CLANG_WARN_NON_LITERAL_NULL_CONVERSION = YES;
				CLANG_WARN_OBJC_IMPLICIT_RETAIN_SELF = YES;
				CLANG_WARN_OBJC_LITERAL_CONVERSION = YES;
				CLANG_WARN_OBJC_ROOT_CLASS = YES_ERROR;
				CLANG_WARN_RANGE_LOOP_ANALYSIS = YES;
				CLANG_WARN_STRICT_PROTOTYPES = YES;
				CLANG_WARN_SUSPICIOUS_MOVE = YES;
				CLANG_WARN_UNGUARDED_AVAILABILITY = YES_AGGRESSIVE;
				CLANG_WARN_UNREACHABLE_CODE = YES;
				CLANG_WARN__DUPLICATE_METHOD_MATCH = YES;
				CODE_SIGN_IDENTITY = "iPhone Developer";
				COPY_PHASE_STRIP = NO;
				DEBUG_INFORMATION_FORMAT = dwarf;
				ENABLE_STRICT_OBJC_MSGSEND = YES;
				ENABLE_TESTABILITY = YES;
				GCC_C_LANGUAGE_STANDARD = gnu11;
				GCC_DYNAMIC_NO_PIC = NO;
				GCC_NO_COMMON_BLOCKS = YES;
				GCC_OPTIMIZATION_LEVEL = 0;
				GCC_PREPROCESSOR_DEFINITIONS = (
					"DEBUG=1",
					"$(inherited)",
				);
				GCC_WARN_64_TO_32_BIT_CONVERSION = YES;
				GCC_WARN_ABOUT_RETURN_TYPE = YES_ERROR;
				GCC_WARN_UNDECLARED_SELECTOR = YES;
				GCC_WARN_UNINITIALIZED_AUTOS = YES_AGGRESSIVE;
				GCC_WARN_UNUSED_FUNCTION = YES;
				GCC_WARN_UNUSED_VARIABLE = YES;
				IPHONEOS_DEPLOYMENT_TARGET = 12.4;
				MTL_ENABLE_DEBUG_INFO = INCLUDE_SOURCE;
				MTL_FAST_MATH = YES;
				ONLY_ACTIVE_ARCH = YES;
				SDKROOT = iphoneos;
				SWIFT_ACTIVE_COMPILATION_CONDITIONS = DEBUG;
				SWIFT_OPTIMIZATION_LEVEL = "-Onone";
			};
			name = Debug;
		};
		4150056923B9F3C4001FDA22 /* Release */ = {
			isa = XCBuildConfiguration;
			buildSettings = {
				ALWAYS_SEARCH_USER_PATHS = NO;
				CLANG_ANALYZER_NONNULL = YES;
				CLANG_ANALYZER_NUMBER_OBJECT_CONVERSION = YES_AGGRESSIVE;
				CLANG_CXX_LANGUAGE_STANDARD = "gnu++14";
				CLANG_CXX_LIBRARY = "libc++";
				CLANG_ENABLE_MODULES = YES;
				CLANG_ENABLE_OBJC_ARC = YES;
				CLANG_ENABLE_OBJC_WEAK = YES;
				CLANG_WARN_BLOCK_CAPTURE_AUTORELEASING = YES;
				CLANG_WARN_BOOL_CONVERSION = YES;
				CLANG_WARN_COMMA = YES;
				CLANG_WARN_CONSTANT_CONVERSION = YES;
				CLANG_WARN_DEPRECATED_OBJC_IMPLEMENTATIONS = YES;
				CLANG_WARN_DIRECT_OBJC_ISA_USAGE = YES_ERROR;
				CLANG_WARN_DOCUMENTATION_COMMENTS = YES;
				CLANG_WARN_EMPTY_BODY = YES;
				CLANG_WARN_ENUM_CONVERSION = YES;
				CLANG_WARN_INFINITE_RECURSION = YES;
				CLANG_WARN_INT_CONVERSION = YES;
				CLANG_WARN_NON_LITERAL_NULL_CONVERSION = YES;
				CLANG_WARN_OBJC_IMPLICIT_RETAIN_SELF = YES;
				CLANG_WARN_OBJC_LITERAL_CONVERSION = YES;
				CLANG_WARN_OBJC_ROOT_CLASS = YES_ERROR;
				CLANG_WARN_RANGE_LOOP_ANALYSIS = YES;
				CLANG_WARN_STRICT_PROTOTYPES = YES;
				CLANG_WARN_SUSPICIOUS_MOVE = YES;
				CLANG_WARN_UNGUARDED_AVAILABILITY = YES_AGGRESSIVE;
				CLANG_WARN_UNREACHABLE_CODE = YES;
				CLANG_WARN__DUPLICATE_METHOD_MATCH = YES;
				CODE_SIGN_IDENTITY = "iPhone Developer";
				COPY_PHASE_STRIP = NO;
				DEBUG_INFORMATION_FORMAT = "dwarf-with-dsym";
				ENABLE_NS_ASSERTIONS = NO;
				ENABLE_STRICT_OBJC_MSGSEND = YES;
				GCC_C_LANGUAGE_STANDARD = gnu11;
				GCC_NO_COMMON_BLOCKS = YES;
				GCC_WARN_64_TO_32_BIT_CONVERSION = YES;
				GCC_WARN_ABOUT_RETURN_TYPE = YES_ERROR;
				GCC_WARN_UNDECLARED_SELECTOR = YES;
				GCC_WARN_UNINITIALIZED_AUTOS = YES_AGGRESSIVE;
				GCC_WARN_UNUSED_FUNCTION = YES;
				GCC_WARN_UNUSED_VARIABLE = YES;
				IPHONEOS_DEPLOYMENT_TARGET = 12.4;
				MTL_ENABLE_DEBUG_INFO = NO;
				MTL_FAST_MATH = YES;
				SDKROOT = iphoneos;
				SWIFT_COMPILATION_MODE = wholemodule;
				SWIFT_OPTIMIZATION_LEVEL = "-O";
				VALIDATE_PRODUCT = YES;
			};
			name = Release;
		};
		4150056B23B9F3C4001FDA22 /* Debug */ = {
			isa = XCBuildConfiguration;
			buildSettings = {
				ASSETCATALOG_COMPILER_APPICON_NAME = AppIcon;
				CODE_SIGN_STYLE = Automatic;
				DEVELOPMENT_TEAM = L8L7854ZBS;
				INFOPLIST_FILE = "My Journal/Info.plist";
				LD_RUNPATH_SEARCH_PATHS = (
					"$(inherited)",
					"@executable_path/Frameworks",
				);
				PRODUCT_BUNDLE_IDENTIFIER = "dpalacio.project.My-Journal";
				PRODUCT_NAME = "$(TARGET_NAME)";
				SWIFT_VERSION = 5.0;
				TARGETED_DEVICE_FAMILY = "1,2";
			};
			name = Debug;
		};
		4150056C23B9F3C4001FDA22 /* Release */ = {
			isa = XCBuildConfiguration;
			buildSettings = {
				ASSETCATALOG_COMPILER_APPICON_NAME = AppIcon;
				CODE_SIGN_STYLE = Automatic;
				DEVELOPMENT_TEAM = L8L7854ZBS;
				INFOPLIST_FILE = "My Journal/Info.plist";
				LD_RUNPATH_SEARCH_PATHS = (
					"$(inherited)",
					"@executable_path/Frameworks",
				);
				PRODUCT_BUNDLE_IDENTIFIER = "dpalacio.project.My-Journal";
				PRODUCT_NAME = "$(TARGET_NAME)";
				SWIFT_VERSION = 5.0;
				TARGETED_DEVICE_FAMILY = "1,2";
			};
			name = Release;
		};
		4150056E23B9F3C4001FDA22 /* Debug */ = {
			isa = XCBuildConfiguration;
			buildSettings = {
				ALWAYS_EMBED_SWIFT_STANDARD_LIBRARIES = YES;
				BUNDLE_LOADER = "$(TEST_HOST)";
				CODE_SIGN_STYLE = Automatic;
				DEVELOPMENT_TEAM = L8L7854ZBS;
				INFOPLIST_FILE = "My JournalTests/Info.plist";
				LD_RUNPATH_SEARCH_PATHS = (
					"$(inherited)",
					"@executable_path/Frameworks",
					"@loader_path/Frameworks",
				);
				PRODUCT_BUNDLE_IDENTIFIER = "dpalacio.project.My-JournalTests";
				PRODUCT_NAME = "$(TARGET_NAME)";
				SWIFT_VERSION = 5.0;
				TARGETED_DEVICE_FAMILY = "1,2";
				TEST_HOST = "$(BUILT_PRODUCTS_DIR)/My Journal.app/My Journal";
			};
			name = Debug;
		};
		4150056F23B9F3C4001FDA22 /* Release */ = {
			isa = XCBuildConfiguration;
			buildSettings = {
				ALWAYS_EMBED_SWIFT_STANDARD_LIBRARIES = YES;
				BUNDLE_LOADER = "$(TEST_HOST)";
				CODE_SIGN_STYLE = Automatic;
				DEVELOPMENT_TEAM = L8L7854ZBS;
				INFOPLIST_FILE = "My JournalTests/Info.plist";
				LD_RUNPATH_SEARCH_PATHS = (
					"$(inherited)",
					"@executable_path/Frameworks",
					"@loader_path/Frameworks",
				);
				PRODUCT_BUNDLE_IDENTIFIER = "dpalacio.project.My-JournalTests";
				PRODUCT_NAME = "$(TARGET_NAME)";
				SWIFT_VERSION = 5.0;
				TARGETED_DEVICE_FAMILY = "1,2";
				TEST_HOST = "$(BUILT_PRODUCTS_DIR)/My Journal.app/My Journal";
			};
			name = Release;
		};
		4150057123B9F3C4001FDA22 /* Debug */ = {
			isa = XCBuildConfiguration;
			buildSettings = {
				ALWAYS_EMBED_SWIFT_STANDARD_LIBRARIES = YES;
				CODE_SIGN_STYLE = Automatic;
				DEVELOPMENT_TEAM = L8L7854ZBS;
				INFOPLIST_FILE = "My JournalUITests/Info.plist";
				LD_RUNPATH_SEARCH_PATHS = (
					"$(inherited)",
					"@executable_path/Frameworks",
					"@loader_path/Frameworks",
				);
				PRODUCT_BUNDLE_IDENTIFIER = "dpalacio.project.My-JournalUITests";
				PRODUCT_NAME = "$(TARGET_NAME)";
				SWIFT_VERSION = 5.0;
				TARGETED_DEVICE_FAMILY = "1,2";
				TEST_TARGET_NAME = "My Journal";
			};
			name = Debug;
		};
		4150057223B9F3C4001FDA22 /* Release */ = {
			isa = XCBuildConfiguration;
			buildSettings = {
				ALWAYS_EMBED_SWIFT_STANDARD_LIBRARIES = YES;
				CODE_SIGN_STYLE = Automatic;
				DEVELOPMENT_TEAM = L8L7854ZBS;
				INFOPLIST_FILE = "My JournalUITests/Info.plist";
				LD_RUNPATH_SEARCH_PATHS = (
					"$(inherited)",
					"@executable_path/Frameworks",
					"@loader_path/Frameworks",
				);
				PRODUCT_BUNDLE_IDENTIFIER = "dpalacio.project.My-JournalUITests";
				PRODUCT_NAME = "$(TARGET_NAME)";
				SWIFT_VERSION = 5.0;
				TARGETED_DEVICE_FAMILY = "1,2";
				TEST_TARGET_NAME = "My Journal";
			};
			name = Release;
		};
/* End XCBuildConfiguration section */

/* Begin XCConfigurationList section */
		4150053A23B9F3C3001FDA22 /* Build configuration list for PBXProject "My Journal" */ = {
			isa = XCConfigurationList;
			buildConfigurations = (
				4150056823B9F3C4001FDA22 /* Debug */,
				4150056923B9F3C4001FDA22 /* Release */,
			);
			defaultConfigurationIsVisible = 0;
			defaultConfigurationName = Release;
		};
		4150056A23B9F3C4001FDA22 /* Build configuration list for PBXNativeTarget "My Journal" */ = {
			isa = XCConfigurationList;
			buildConfigurations = (
				4150056B23B9F3C4001FDA22 /* Debug */,
				4150056C23B9F3C4001FDA22 /* Release */,
			);
			defaultConfigurationIsVisible = 0;
			defaultConfigurationName = Release;
		};
		4150056D23B9F3C4001FDA22 /* Build configuration list for PBXNativeTarget "My JournalTests" */ = {
			isa = XCConfigurationList;
			buildConfigurations = (
				4150056E23B9F3C4001FDA22 /* Debug */,
				4150056F23B9F3C4001FDA22 /* Release */,
			);
			defaultConfigurationIsVisible = 0;
			defaultConfigurationName = Release;
		};
		4150057023B9F3C4001FDA22 /* Build configuration list for PBXNativeTarget "My JournalUITests" */ = {
			isa = XCConfigurationList;
			buildConfigurations = (
				4150057123B9F3C4001FDA22 /* Debug */,
				4150057223B9F3C4001FDA22 /* Release */,
			);
			defaultConfigurationIsVisible = 0;
			defaultConfigurationName = Release;
		};
/* End XCConfigurationList section */

/* Begin XCVersionGroup section */
		4150054923B9F3C3001FDA22 /* My_Journal.xcdatamodeld */ = {
			isa = XCVersionGroup;
			children = (
				4150054A23B9F3C3001FDA22 /* My_Journal.xcdatamodel */,
			);
			currentVersion = 4150054A23B9F3C3001FDA22 /* My_Journal.xcdatamodel */;
			path = My_Journal.xcdatamodeld;
			sourceTree = "<group>";
			versionGroupType = wrapper.xcdatamodel;
		};
/* End XCVersionGroup section */
	};
	rootObject = 4150053723B9F3C3001FDA22 /* Project object */;
}
